
Microsoft Visual Studio Solution File, Format Version 12.00
# Visual Studio Version 17
VisualStudioVersion = 17.11.35303.130
MinimumVisualStudioVersion = 10.0.40219.1
Project("{FAE04EC0-301F-11D3-BF4B-00C04F79EFBC}") = "CourseCLI", "CourseCLI.csproj", "{01EC4BC5-CE9C-44F9-822E-AA92C70C79C8}"
EndProject
Global
	GlobalSection(SolutionConfigurationPlatforms) = preSolution
		Debug|Any CPU = Debug|Any CPU
		Release|Any CPU = Release|Any CPU
	EndGlobalSection
	GlobalSection(ProjectConfigurationPlatforms) = postSolution
		{01EC4BC5-CE9C-44F9-822E-AA92C70C79C8}.Debug|Any CPU.ActiveCfg = Debug|Any CPU
		{01EC4BC5-CE9C-44F9-822E-AA92C70C79C8}.Debug|Any CPU.Build.0 = Debug|Any CPU
		{01EC4BC5-CE9C-44F9-822E-AA92C70C79C8}.Release|Any CPU.ActiveCfg = Release|Any CPU
		{01EC4BC5-CE9C-44F9-822E-AA92C70C79C8}.Release|Any CPU.Build.0 = Release|Any CPU
	EndGlobalSection
	GlobalSection(SolutionProperties) = preSolution
		HideSolutionNode = FALSE
	EndGlobalSection
	GlobalSection(ExtensibilityGlobals) = postSolution
		SolutionGuid = {A917715B-24D5-4C73-ACB0-72BEDABA1396}
	EndGlobalSection
EndGlobal
